
Microsoft Visual Studio Solution File, Format Version 12.00
# Visual Studio 15
VisualStudioVersion = 15.0.28307.489
MinimumVisualStudioVersion = 10.0.40219.1
Project("{9A19103F-16F7-4668-BE54-9A1E7A4F7556}") = "IoTManager", "IoTManager\IoTManager.csproj", "{48E11E54-90EE-453A-8731-1ACBCCADF30B}"
EndProject
Project("{9A19103F-16F7-4668-BE54-9A1E7A4F7556}") = "IoTManager.Core", "IoTManager.Core\IoTManager.Core.csproj", "{06B6A65B-BF75-476A-999C-DF18AEAEBB09}"
EndProject
Project("{9A19103F-16F7-4668-BE54-9A1E7A4F7556}") = "IoTManager.Utility", "IoTManager.Utility\IoTManager.Utility.csproj", "{086FA9C6-BAB7-466D-ACFB-80AA6CDE80EF}"
EndProject
Project("{9A19103F-16F7-4668-BE54-9A1E7A4F7556}") = "IoTManager.Model", "IoTManager.Model\IoTManager.Model.csproj", "{0D673653-BC8B-4D02-A59C-8B15EAD85CFD}"
EndProject
Project("{9A19103F-16F7-4668-BE54-9A1E7A4F7556}") = "IoTManager.IDao", "IoTManager.IDao\IoTManager.IDao.csproj", "{2E8044A0-CD2D-460B-A795-C5CEB7764665}"
EndProject
Project("{9A19103F-16F7-4668-BE54-9A1E7A4F7556}") = "IoTManager.Dao", "IoTManager.Dao\IoTManager.Dao.csproj", "{29D058CB-BB6F-4EC1-B8E1-2BDBF328AF04}"
EndProject
Project("{9A19103F-16F7-4668-BE54-9A1E7A4F7556}") = "IoTManager.DI", "IoTManager.DI\IoTManager.DI.csproj", "{AFD2B1EE-6CF4-435C-BA64-BD1B1A004EDF}"
EndProject
Project("{9A19103F-16F7-4668-BE54-9A1E7A4F7556}") = "IoTManager.IHub", "IoTManager.IHub\IoTManager.IHub.csproj", "{9BEB430B-F96C-41FB-ACD3-E1721495F84A}"
EndProject
Project("{9A19103F-16F7-4668-BE54-9A1E7A4F7556}") = "IoTManager.AzureIoTHub", "IoTManager.AzureIoTHub\IoTManager.AzureIoTHub.csproj", "{FB1FE35D-6A4A-48BE-B08C-6897E3877896}"
EndProject
Project("{9A19103F-16F7-4668-BE54-9A1E7A4F7556}") = "IoTManager.MonitorService", "IoTManager.MonitorService\IoTManager.MonitorService.csproj", "{5D791BB9-C8BE-44D8-B1C9-3132EE05071F}"
EndProject
Project("{9A19103F-16F7-4668-BE54-9A1E7A4F7556}") = "IoTManager.Http.MonitorDataSync", "IoTManager.Http.MonitorDataSync\IoTManager.Http.MonitorDataSync.csproj", "{AC963447-7E68-4F37-9F40-9D1A05BF662B}"
EndProject
Project("{9A19103F-16F7-4668-BE54-9A1E7A4F7556}") = "IoTManager.Tcp.MonitorDataSync", "IoTManager.Tcp.MonitorDataSync\IoTManager.Tcp.MonitorDataSync.csproj", "{836C9C7F-A563-4C17-83E9-4E1C6316D1DF}"
EndProject
Global
	GlobalSection(SolutionConfigurationPlatforms) = preSolution
		Debug|Any CPU = Debug|Any CPU
		Release|Any CPU = Release|Any CPU
	EndGlobalSection
	GlobalSection(ProjectConfigurationPlatforms) = postSolution
		{48E11E54-90EE-453A-8731-1ACBCCADF30B}.Debug|Any CPU.ActiveCfg = Debug|Any CPU
		{48E11E54-90EE-453A-8731-1ACBCCADF30B}.Debug|Any CPU.Build.0 = Debug|Any CPU
		{48E11E54-90EE-453A-8731-1ACBCCADF30B}.Release|Any CPU.ActiveCfg = Release|Any CPU
		{48E11E54-90EE-453A-8731-1ACBCCADF30B}.Release|Any CPU.Build.0 = Release|Any CPU
		{06B6A65B-BF75-476A-999C-DF18AEAEBB09}.Debug|Any CPU.ActiveCfg = Debug|Any CPU
		{06B6A65B-BF75-476A-999C-DF18AEAEBB09}.Debug|Any CPU.Build.0 = Debug|Any CPU
		{06B6A65B-BF75-476A-999C-DF18AEAEBB09}.Release|Any CPU.ActiveCfg = Release|Any CPU
		{06B6A65B-BF75-476A-999C-DF18AEAEBB09}.Release|Any CPU.Build.0 = Release|Any CPU
		{086FA9C6-BAB7-466D-ACFB-80AA6CDE80EF}.Debug|Any CPU.ActiveCfg = Debug|Any CPU
		{086FA9C6-BAB7-466D-ACFB-80AA6CDE80EF}.Debug|Any CPU.Build.0 = Debug|Any CPU
		{086FA9C6-BAB7-466D-ACFB-80AA6CDE80EF}.Release|Any CPU.ActiveCfg = Release|Any CPU
		{086FA9C6-BAB7-466D-ACFB-80AA6CDE80EF}.Release|Any CPU.Build.0 = Release|Any CPU
		{0D673653-BC8B-4D02-A59C-8B15EAD85CFD}.Debug|Any CPU.ActiveCfg = Debug|Any CPU
		{0D673653-BC8B-4D02-A59C-8B15EAD85CFD}.Debug|Any CPU.Build.0 = Debug|Any CPU
		{0D673653-BC8B-4D02-A59C-8B15EAD85CFD}.Release|Any CPU.ActiveCfg = Release|Any CPU
		{0D673653-BC8B-4D02-A59C-8B15EAD85CFD}.Release|Any CPU.Build.0 = Release|Any CPU
		{2E8044A0-CD2D-460B-A795-C5CEB7764665}.Debug|Any CPU.ActiveCfg = Debug|Any CPU
		{2E8044A0-CD2D-460B-A795-C5CEB7764665}.Debug|Any CPU.Build.0 = Debug|Any CPU
		{2E8044A0-CD2D-460B-A795-C5CEB7764665}.Release|Any CPU.ActiveCfg = Release|Any CPU
		{2E8044A0-CD2D-460B-A795-C5CEB7764665}.Release|Any CPU.Build.0 = Release|Any CPU
		{29D058CB-BB6F-4EC1-B8E1-2BDBF328AF04}.Debug|Any CPU.ActiveCfg = Debug|Any CPU
		{29D058CB-BB6F-4EC1-B8E1-2BDBF328AF04}.Debug|Any CPU.Build.0 = Debug|Any CPU
		{29D058CB-BB6F-4EC1-B8E1-2BDBF328AF04}.Release|Any CPU.ActiveCfg = Release|Any CPU
		{29D058CB-BB6F-4EC1-B8E1-2BDBF328AF04}.Release|Any CPU.Build.0 = Release|Any CPU
		{AFD2B1EE-6CF4-435C-BA64-BD1B1A004EDF}.Debug|Any CPU.ActiveCfg = Debug|Any CPU
		{AFD2B1EE-6CF4-435C-BA64-BD1B1A004EDF}.Debug|Any CPU.Build.0 = Debug|Any CPU
		{AFD2B1EE-6CF4-435C-BA64-BD1B1A004EDF}.Release|Any CPU.ActiveCfg = Release|Any CPU
		{AFD2B1EE-6CF4-435C-BA64-BD1B1A004EDF}.Release|Any CPU.Build.0 = Release|Any CPU
		{9BEB430B-F96C-41FB-ACD3-E1721495F84A}.Debug|Any CPU.ActiveCfg = Debug|Any CPU
		{9BEB430B-F96C-41FB-ACD3-E1721495F84A}.Debug|Any CPU.Build.0 = Debug|Any CPU
		{9BEB430B-F96C-41FB-ACD3-E1721495F84A}.Release|Any CPU.ActiveCfg = Release|Any CPU
		{9BEB430B-F96C-41FB-ACD3-E1721495F84A}.Release|Any CPU.Build.0 = Release|Any CPU
		{FB1FE35D-6A4A-48BE-B08C-6897E3877896}.Debug|Any CPU.ActiveCfg = Debug|Any CPU
		{FB1FE35D-6A4A-48BE-B08C-6897E3877896}.Debug|Any CPU.Build.0 = Debug|Any CPU
		{FB1FE35D-6A4A-48BE-B08C-6897E3877896}.Release|Any CPU.ActiveCfg = Release|Any CPU
		{FB1FE35D-6A4A-48BE-B08C-6897E3877896}.Release|Any CPU.Build.0 = Release|Any CPU
		{5D791BB9-C8BE-44D8-B1C9-3132EE05071F}.Debug|Any CPU.ActiveCfg = Debug|Any CPU
		{5D791BB9-C8BE-44D8-B1C9-3132EE05071F}.Debug|Any CPU.Build.0 = Debug|Any CPU
		{5D791BB9-C8BE-44D8-B1C9-3132EE05071F}.Release|Any CPU.ActiveCfg = Release|Any CPU
		{5D791BB9-C8BE-44D8-B1C9-3132EE05071F}.Release|Any CPU.Build.0 = Release|Any CPU
		{AC963447-7E68-4F37-9F40-9D1A05BF662B}.Debug|Any CPU.ActiveCfg = Debug|Any CPU
		{AC963447-7E68-4F37-9F40-9D1A05BF662B}.Debug|Any CPU.Build.0 = Debug|Any CPU
		{AC963447-7E68-4F37-9F40-9D1A05BF662B}.Release|Any CPU.ActiveCfg = Release|Any CPU
		{AC963447-7E68-4F37-9F40-9D1A05BF662B}.Release|Any CPU.Build.0 = Release|Any CPU
		{836C9C7F-A563-4C17-83E9-4E1C6316D1DF}.Debug|Any CPU.ActiveCfg = Debug|Any CPU
		{836C9C7F-A563-4C17-83E9-4E1C6316D1DF}.Debug|Any CPU.Build.0 = Debug|Any CPU
		{836C9C7F-A563-4C17-83E9-4E1C6316D1DF}.Release|Any CPU.ActiveCfg = Release|Any CPU
		{836C9C7F-A563-4C17-83E9-4E1C6316D1DF}.Release|Any CPU.Build.0 = Release|Any CPU
	EndGlobalSection
	GlobalSection(SolutionProperties) = preSolution
		HideSolutionNode = FALSE
	EndGlobalSection
	GlobalSection(ExtensibilityGlobals) = postSolution
		SolutionGuid = {16BE4745-FDEB-48D0-91B5-2FF0A9659139}
	EndGlobalSection
EndGlobal
